
Microsoft Visual Studio Solution File, Format Version 12.00
# Visual Studio Version 17
VisualStudioVersion = 17.5.33530.505
MinimumVisualStudioVersion = 10.0.40219.1
Project("{FAE04EC0-301F-11D3-BF4B-00C04F79EFBC}") = "MonsterTrainModdingTemplate", "MonsterTrainModdingTemplate\MonsterTrainModdingTemplate.csproj", "{99841011-2128-4184-A7E9-116F237091B8}"
EndProject
Global
	GlobalSection(SolutionConfigurationPlatforms) = preSolution
		Debug|Any CPU = Debug|Any CPU
		Release|Any CPU = Release|Any CPU
	EndGlobalSection
	GlobalSection(ProjectConfigurationPlatforms) = postSolution
		{99841011-2128-4184-A7E9-116F237091B8}.Debug|Any CPU.ActiveCfg = Debug|Any CPU
		{99841011-2128-4184-A7E9-116F237091B8}.Debug|Any CPU.Build.0 = Debug|Any CPU
		{99841011-2128-4184-A7E9-116F237091B8}.Release|Any CPU.ActiveCfg = Release|Any CPU
		{99841011-2128-4184-A7E9-116F237091B8}.Release|Any CPU.Build.0 = Release|Any CPU
	EndGlobalSection
	GlobalSection(SolutionProperties) = preSolution
		HideSolutionNode = FALSE
	EndGlobalSection
	GlobalSection(ExtensibilityGlobals) = postSolution
		SolutionGuid = {6900228C-37AF-4D55-AF7D-1F70BAC9A0A3}
	EndGlobalSection
EndGlobal
